{
  "name": "tokenfold",
  "version": "0.3.1",
  "lockfileVersion": 3,
  "requires": true,
  "packages": {
    "": {
      "name": "tokenfold",
      "version": "0.3.1",
      "license": "Apache-2.0",
      "bin": {
        "tokenfold": "bin/tokenfold.js"
      },
      "devDependencies": {
        "@types/node": "^24.0.0",
        "typescript": "^5.9.0"
      },
      "engines": {
        "node": ">=22"
      },
      "optionalDependencies": {
        "@tokenfold/cli-darwin-arm64": "0.3.1",
        "@tokenfold/cli-darwin-x64": "0.3.1",
        "@tokenfold/cli-linux-arm64": "0.3.1",
        "@tokenfold/cli-linux-x64": "0.3.1",
        "@tokenfold/cli-win32-x64": "0.3.1"
      }
    },
    "node_modules/@tokenfold/cli-darwin-arm64": {
      "version": "0.3.1",
      "resolved": "https://registry.npmjs.org/@tokenfold/cli-darwin-arm64/-/cli-darwin-arm64-0.3.1.tgz",
      "integrity": "sha512-pfX/YSNmRGo6TqbGyOVYxru5REGh62whvVB69FfRPlCj4hFnwi5RqGJfxA8cIKmz7Brzq9kgq35yoc3llQPLOA==",
      "cpu": [
        "arm64"
      ],
      "license": "Apache-2.0",
      "optional": true,
      "os": [
        "darwin"
      ],
      "engines": {
        "node": ">=22"
      }
    },
    "node_modules/@tokenfold/cli-darwin-x64": {
      "version": "0.3.1",
      "resolved": "https://registry.npmjs.org/@tokenfold/cli-darwin-x64/-/cli-darwin-x64-0.3.1.tgz",
      "integrity": "sha512-0GhVZ3j63uW3J+hcea8cWlulcclhulZvfMb9KUPQyB4jR7fakebC9us0C1hEKrP3/k6kowYrjlluYP9klg8Qdg==",
      "cpu": [
        "x64"
      ],
      "license": "Apache-2.0",
      "optional": true,
      "os": [
        "darwin"
      ],
      "engines": {
        "node": ">=22"
      }
    },
    "node_modules/@tokenfold/cli-linux-arm64": {
      "version": "0.3.1",
      "resolved": "https://registry.npmjs.org/@tokenfold/cli-linux-arm64/-/cli-linux-arm64-0.3.1.tgz",
      "integrity": "sha512-+psQSUyC6/6bAznGKF8BE0ENaLb2++Qm3arnHMkxVReSTB/q7iC9Fk2+NByEJONVF12hCzDUbs471/sVdEzssg==",
      "cpu": [
        "arm64"
      ],
      "license": "Apache-2.0",
      "optional": true,
      "os": [
        "linux"
      ],
      "engines": {
        "node": ">=22"
      }
    },
    "node_modules/@tokenfold/cli-linux-x64": {
      "version": "0.3.1",
      "resolved": "https://registry.npmjs.org/@tokenfold/cli-linux-x64/-/cli-linux-x64-0.3.1.tgz",
      "integrity": "sha512-St/q2bvvvLqoGv9vjkD03YlON9y94Izo3GSekD47bJhAekafFZoFWGa1kWSOL9xTJaL7q041sFx4jt54HCtuaQ==",
      "cpu": [
        "x64"
      ],
      "license": "Apache-2.0",
      "optional": true,
      "os": [
        "linux"
      ],
      "engines": {
        "node": ">=22"
      }
    },
    "node_modules/@tokenfold/cli-win32-x64": {
      "version": "0.3.1",
      "resolved": "https://registry.npmjs.org/@tokenfold/cli-win32-x64/-/cli-win32-x64-0.3.1.tgz",
      "integrity": "sha512-KDiMHeX3nban3AKBJ59Rf4KJmDgkCFjb7dnOfHKpD01g5KLJMJ3HHBAiQe/YQ9YSNo909wzE5Ez4VtvhRCiDag==",
      "cpu": [
        "x64"
      ],
      "license": "Apache-2.0",
      "optional": true,
      "os": [
        "win32"
      ],
      "engines": {
        "node": ">=22"
      }
    },
    "node_modules/@types/node": {
      "version": "24.13.3",
      "resolved": "https://registry.npmjs.org/@types/node/-/node-24.13.3.tgz",
      "integrity": "sha512-Dh8vAsV36ig5wa9OX4pXvMc9D3Veibfw2wix0CUwYODLD8nkj9UsLjASr49nPg+2eKzxhBV+v7L8pXvT4e639Q==",
      "dev": true,
      "license": "MIT",
      "dependencies": {
        "undici-types": "~7.18.0"
      }
    },
    "node_modules/typescript": {
      "version": "5.9.3",
      "resolved": "https://registry.npmjs.org/typescript/-/typescript-5.9.3.tgz",
      "integrity": "sha512-jl1vZzPDinLr9eUt3J/t7V6FgNEw9QjvBPdysz9KfQDD41fQrC2Y4vKQdiaUpFT4bXlb1RHhLpp8wtm6M5TgSw==",
      "dev": true,
      "license": "Apache-2.0",
      "bin": {
        "tsc": "bin/tsc",
        "tsserver": "bin/tsserver"
      },
      "engines": {
        "node": ">=14.17"
      }
    },
    "node_modules/undici-types": {
      "version": "7.18.2",
      "resolved": "https://registry.npmjs.org/undici-types/-/undici-types-7.18.2.tgz",
      "integrity": "sha512-AsuCzffGHJybSaRrmr5eHr81mwJU3kjw6M+uprWvCXiNeN9SOGwQ3Jn8jb8m3Z6izVgknn1R0FTCEAP2QrLY/w==",
      "dev": true,
      "license": "MIT"
    }
  }
}
