{
  "name": "tokenfold",
  "version": "0.3.2",
  "lockfileVersion": 3,
  "requires": true,
  "packages": {
    "": {
      "name": "tokenfold",
      "version": "0.3.2",
      "license": "Apache-2.0",
      "bin": {
        "tokenfold": "bin/tokenfold.js"
      },
      "devDependencies": {
        "@types/node": "^24.0.0",
        "typescript": "^5.9.0"
      },
      "engines": {
        "node": ">=22"
      },
      "optionalDependencies": {
        "@tokenfold/cli-darwin-arm64": "0.3.2",
        "@tokenfold/cli-darwin-x64": "0.3.2",
        "@tokenfold/cli-linux-arm64": "0.3.2",
        "@tokenfold/cli-linux-x64": "0.3.2",
        "@tokenfold/cli-win32-x64": "0.3.2"
      }
    },
    "node_modules/@tokenfold/cli-darwin-arm64": {
      "version": "0.3.2",
      "resolved": "https://registry.npmjs.org/@tokenfold/cli-darwin-arm64/-/cli-darwin-arm64-0.3.2.tgz",
      "integrity": "sha512-zvq8yZOAqwvgHJb7TUIg3Nf+dOWfK1ysDoFqUDrSwBDAPJwOQy51V2Ok+Yl3YoL5WAW2giVfIvHR1X8tFqtrbA==",
      "cpu": [
        "arm64"
      ],
      "license": "Apache-2.0",
      "optional": true,
      "os": [
        "darwin"
      ],
      "engines": {
        "node": ">=22"
      }
    },
    "node_modules/@tokenfold/cli-darwin-x64": {
      "version": "0.3.2",
      "resolved": "https://registry.npmjs.org/@tokenfold/cli-darwin-x64/-/cli-darwin-x64-0.3.2.tgz",
      "integrity": "sha512-+f7wlhh23Tof35BIbTBGaoqP2T5qaSRPcOH0Oox/PJkwy5O1ToyXHa2qWWipdFGhQ3aZwd69V75qH6XQlaaXkw==",
      "cpu": [
        "x64"
      ],
      "license": "Apache-2.0",
      "optional": true,
      "os": [
        "darwin"
      ],
      "engines": {
        "node": ">=22"
      }
    },
    "node_modules/@tokenfold/cli-linux-arm64": {
      "version": "0.3.2",
      "resolved": "https://registry.npmjs.org/@tokenfold/cli-linux-arm64/-/cli-linux-arm64-0.3.2.tgz",
      "integrity": "sha512-OFKX9QsFqYsqwfECKR+9S5PCk8xqPpRDoEK8YrdK3JN0QKBLCnxR4Si0qVGJ4AlWbiEhpbDxaycF7sj6WKnaVA==",
      "cpu": [
        "arm64"
      ],
      "license": "Apache-2.0",
      "optional": true,
      "os": [
        "linux"
      ],
      "engines": {
        "node": ">=22"
      }
    },
    "node_modules/@tokenfold/cli-linux-x64": {
      "version": "0.3.2",
      "resolved": "https://registry.npmjs.org/@tokenfold/cli-linux-x64/-/cli-linux-x64-0.3.2.tgz",
      "integrity": "sha512-E0zZd30R72Yd/llQIb5fzc/M6aIMyeKXuDJjsBVViGU/ZIu05M9/vxn3Ryh/uisl0MrpsWriNwVEbRrhe0XNtw==",
      "cpu": [
        "x64"
      ],
      "license": "Apache-2.0",
      "optional": true,
      "os": [
        "linux"
      ],
      "engines": {
        "node": ">=22"
      }
    },
    "node_modules/@tokenfold/cli-win32-x64": {
      "version": "0.3.2",
      "resolved": "https://registry.npmjs.org/@tokenfold/cli-win32-x64/-/cli-win32-x64-0.3.2.tgz",
      "integrity": "sha512-fYpatUJ5vVesLQDijm0pAN3rBtOvanSO8l5Q4gDepOpdmXEdB2eoOwYYnUtuYKdqflmPphY/TdYdOBVPWJhHrg==",
      "cpu": [
        "x64"
      ],
      "license": "Apache-2.0",
      "optional": true,
      "os": [
        "win32"
      ],
      "engines": {
        "node": ">=22"
      }
    },
    "node_modules/@types/node": {
      "version": "24.13.3",
      "resolved": "https://registry.npmjs.org/@types/node/-/node-24.13.3.tgz",
      "integrity": "sha512-Dh8vAsV36ig5wa9OX4pXvMc9D3Veibfw2wix0CUwYODLD8nkj9UsLjASr49nPg+2eKzxhBV+v7L8pXvT4e639Q==",
      "dev": true,
      "license": "MIT",
      "dependencies": {
        "undici-types": "~7.18.0"
      }
    },
    "node_modules/typescript": {
      "version": "5.9.3",
      "resolved": "https://registry.npmjs.org/typescript/-/typescript-5.9.3.tgz",
      "integrity": "sha512-jl1vZzPDinLr9eUt3J/t7V6FgNEw9QjvBPdysz9KfQDD41fQrC2Y4vKQdiaUpFT4bXlb1RHhLpp8wtm6M5TgSw==",
      "dev": true,
      "license": "Apache-2.0",
      "bin": {
        "tsc": "bin/tsc",
        "tsserver": "bin/tsserver"
      },
      "engines": {
        "node": ">=14.17"
      }
    },
    "node_modules/undici-types": {
      "version": "7.18.2",
      "resolved": "https://registry.npmjs.org/undici-types/-/undici-types-7.18.2.tgz",
      "integrity": "sha512-AsuCzffGHJybSaRrmr5eHr81mwJU3kjw6M+uprWvCXiNeN9SOGwQ3Jn8jb8m3Z6izVgknn1R0FTCEAP2QrLY/w==",
      "dev": true,
      "license": "MIT"
    }
  }
}
