{
  "name": "tokenfold-research",
  "lockfileVersion": 3,
  "requires": true,
  "packages": {
    "": {
      "name": "tokenfold-research",
      "dependencies": {
        "@toon-format/cli": "4.1.1"
      }
    },
    "node_modules/@toon-format/cli": {
      "version": "4.1.1",
      "resolved": "https://registry.npmjs.org/@toon-format/cli/-/cli-4.1.1.tgz",
      "integrity": "sha512-64wRbxe8C8k0D70gAdYZkiv0Atp/I4D0VlKQkc+IJ591hX8D54+///l/+4QM/Ato9+RJ1xJbNdfCaylcmpaLvQ==",
      "license": "MIT",
      "bin": {
        "toon": "bin/toon.mjs"
      }
    }
  }
}
